<?xml version="1.0" encoding="utf-8"?>
<Project ToolsVersion="4.0" xmlns="http://schemas.microsoft.com/developer/msbuild/2003">
  <ItemGroup>
    <Filter Include="Source Files">
      <UniqueIdentifier>{4FC737F1-C7A5-4376-A066-2A32D752A2FF}</UniqueIdentifier>
      <Extensions>cpp;c;cc;cxx;c++;cppm;ixx;def;odl;idl;hpj;bat;asm;asmx</Extensions>
    </Filter>
    <Filter Include="Header Files">
      <UniqueIdentifier>{93995380-89BD-4b04-88EB-625FBE52EBFB}</UniqueIdentifier>
      <Extensions>h;hh;hpp;hxx;h++;hm;inl;inc;ipp;xsd</Extensions>
    </Filter>
    <Filter Include="Resource Files">
      <UniqueIdentifier>{67DA6AB6-F800-4c08-8B7A-83BB121AAD01}</UniqueIdentifier>
      <Extensions>rc;ico;cur;bmp;dlg;rc2;rct;bin;rgs;gif;jpg;jpeg;jpe;resx;tiff;tif;png;wav;mfcribbon-ms</Extensions>
    </Filter>
    <Filter Include="Source Files\GZCOM">
      <UniqueIdentifier>{c8d25433-3838-4bcc-8dab-47278cc26c56}</UniqueIdentifier>
    </Filter>
  </ItemGroup>
  <ItemGroup>
    <ClInclude Include="include\DebugUtil.h">
      <Filter>Header Files</Filter>
    </ClInclude>
    <ClInclude Include="include\LogDirectoryManager.h">
      <Filter>Header Files</Filter>
    </ClInclude>
    <ClInclude Include="include\Logger.h">
      <Filter>Header Files</Filter>
    </ClInclude>
    <ClInclude Include="include\StringConversion.h">
      <Filter>Header Files</Filter>
    </ClInclude>
    <ClInclude Include="include\StringViewUtil.h">
      <Filter>Header Files</Filter>
    </ClInclude>
    <ClInclude Include="include\Utf8TextOFStream.h">
      <Filter>Header Files</Filter>
    </ClInclude>
    <ClInclude Include="include\Patcher.h">
      <Filter>Header Files</Filter>
    </ClInclude>
    <ClInclude Include="include\SC4VersionDetection.h">
      <Filter>Header Files</Filter>
    </ClInclude>
    <ClInclude Include="include\OccupantUtil.h">
      <Filter>Header Files</Filter>
    </ClInclude>
    <ClInclude Include="include\PropertyUtil.h">
      <Filter>Header Files</Filter>
    </ClInclude>
    <ClInclude Include="include\SC4NotificationDialog.h">
      <Filter>Header Files</Filter>
    </ClInclude>
    <ClInclude Include="include\GZWinUtil.h">
      <Filter>Header Files</Filter>
    </ClInclude>
    <ClInclude Include="include\IniReader.h">
      <Filter>Header Files</Filter>
    </ClInclude>
  </ItemGroup>
  <ItemGroup>
    <ClCompile Include="src\DebugUtil.cpp">
      <Filter>Source Files</Filter>
    </ClCompile>
    <ClCompile Include="src\LogDirectoryManager.cpp">
      <Filter>Source Files</Filter>
    </ClCompile>
    <ClCompile Include="src\Logger.cpp">
      <Filter>Source Files</Filter>
    </ClCompile>
    <ClCompile Include="src\StringConversion.cpp">
      <Filter>Source Files</Filter>
    </ClCompile>
    <ClCompile Include="src\StringViewUtil.cpp">
      <Filter>Source Files</Filter>
    </ClCompile>
    <ClCompile Include="src\Utf8TextOFStream.cpp">
      <Filter>Source Files</Filter>
    </ClCompile>
    <ClCompile Include="src\Patcher.cpp">
      <Filter>Source Files</Filter>
    </ClCompile>
    <ClCompile Include="src\SC4VersionDetection.cpp">
      <Filter>Source Files</Filter>
    </ClCompile>
    <ClCompile Include="src\OccupantUtil.cpp">
      <Filter>Source Files</Filter>
    </ClCompile>
    <ClCompile Include="src\PropertyUtil.cpp">
      <Filter>Source Files</Filter>
    </ClCompile>
    <ClCompile Include="src\SC4NotificationDialog.cpp">
      <Filter>Source Files</Filter>
    </ClCompile>
    <ClCompile Include="..\vendor\gzcom-dll\gzcom-dll\src\cRZBaseString.cpp">
      <Filter>Source Files\GZCOM</Filter>
    </ClCompile>
    <ClCompile Include="..\vendor\gzcom-dll\gzcom-dll\src\cRZBaseSystemService.cpp">
      <Filter>Source Files\GZCOM</Filter>
    </ClCompile>
    <ClCompile Include="..\vendor\gzcom-dll\gzcom-dll\src\cRZBaseUnknown.cpp">
      <Filter>Source Files\GZCOM</Filter>
    </ClCompile>
    <ClCompile Include="..\vendor\gzcom-dll\gzcom-dll\src\cRZBaseVariant.cpp">
      <Filter>Source Files\GZCOM</Filter>
    </ClCompile>
    <ClCompile Include="..\vendor\gzcom-dll\gzcom-dll\src\cRZBaseWinProc.cpp">
      <Filter>Source Files\GZCOM</Filter>
    </ClCompile>
    <ClCompile Include="..\vendor\gzcom-dll\gzcom-dll\src\cRZCellMap.cpp">
      <Filter>Source Files\GZCOM</Filter>
    </ClCompile>
    <ClCompile Include="..\vendor\gzcom-dll\gzcom-dll\src\cRZCOMDllDirector.cpp">
      <Filter>Source Files\GZCOM</Filter>
    </ClCompile>
    <ClCompile Include="..\vendor\gzcom-dll\gzcom-dll\src\cRZMessage2.cpp">
      <Filter>Source Files\GZCOM</Filter>
    </ClCompile>
    <ClCompile Include="..\vendor\gzcom-dll\gzcom-dll\src\cRZMessage2Standard.cpp">
      <Filter>Source Files\GZCOM</Filter>
    </ClCompile>
    <ClCompile Include="..\vendor\gzcom-dll\gzcom-dll\src\cS3DVector2.cpp">
      <Filter>Source Files\GZCOM</Filter>
    </ClCompile>
    <ClCompile Include="..\vendor\gzcom-dll\gzcom-dll\src\cS3DVector3.cpp">
      <Filter>Source Files\GZCOM</Filter>
    </ClCompile>
    <ClCompile Include="..\vendor\gzcom-dll\gzcom-dll\src\cSC4BaseLotConfigurationFilter.cpp">
      <Filter>Source Files\GZCOM</Filter>
    </ClCompile>
    <ClCompile Include="..\vendor\gzcom-dll\gzcom-dll\src\cSC4BaseOccupantFilter.cpp">
      <Filter>Source Files\GZCOM</Filter>
    </ClCompile>
    <ClCompile Include="..\vendor\gzcom-dll\gzcom-dll\src\cSC4BaseViewInputControl.cpp">
      <Filter>Source Files\GZCOM</Filter>
    </ClCompile>
    <ClCompile Include="..\vendor\gzcom-dll\gzcom-dll\src\cSCBaseProperty.cpp">
      <Filter>Source Files\GZCOM</Filter>
    </ClCompile>
    <ClCompile Include="..\vendor\gzcom-dll\gzcom-dll\src\PersistResourceKeyFilterBase.cpp">
      <Filter>Source Files\GZCOM</Filter>
    </ClCompile>
    <ClCompile Include="..\vendor\gzcom-dll\gzcom-dll\src\PersistResourceKeyFilterByInstance.cpp">
      <Filter>Source Files\GZCOM</Filter>
    </ClCompile>
    <ClCompile Include="..\vendor\gzcom-dll\gzcom-dll\src\PersistResourceKeyFilterByType.cpp">
      <Filter>Source Files\GZCOM</Filter>
    </ClCompile>
    <ClCompile Include="..\vendor\gzcom-dll\gzcom-dll\src\PersistResourceKeyFilterByTypeAndGroup.cpp">
      <Filter>Source Files\GZCOM</Filter>
    </ClCompile>
    <ClCompile Include="..\vendor\gzcom-dll\gzcom-dll\src\PersistResourceKeyFilterByTypeAndInstance.cpp">
      <Filter>Source Files\GZCOM</Filter>
    </ClCompile>
    <ClCompile Include="..\vendor\gzcom-dll\gzcom-dll\src\SC4UI.cpp">
      <Filter>Source Files\GZCOM</Filter>
    </ClCompile>
    <ClCompile Include="..\vendor\gzcom-dll\gzcom-dll\src\SCLuaUtil.cpp">
      <Filter>Source Files\GZCOM</Filter>
    </ClCompile>
    <ClCompile Include="..\vendor\gzcom-dll\gzcom-dll\src\SCPropertyUtil.cpp">
      <Filter>Source Files\GZCOM</Filter>
    </ClCompile>
    <ClCompile Include="..\vendor\gzcom-dll\gzcom-dll\src\StringResourceManager.cpp">
      <Filter>Source Files\GZCOM</Filter>
    </ClCompile>
    <ClCompile Include="src\GZWinUtil.cpp">
      <Filter>Source Files</Filter>
    </ClCompile>
  </ItemGroup>
</Project>